
Microsoft Visual Studio Solution File, Format Version 12.00
# Visual Studio Version 16
VisualStudioVersion = 16.0.30711.63
MinimumVisualStudioVersion = 10.0.40219.1
Project("{FAE04EC0-301F-11D3-BF4B-00C04F79EFBC}") = "DemoRadioButton.UWP", "DemoRadioButton\DemoRadioButton.UWP\DemoRadioButton.UWP.csproj", "{CEA31B0C-78BD-4A5B-8B42-5F0BE2CFD037}"
EndProject
Project("{FAE04EC0-301F-11D3-BF4B-00C04F79EFBC}") = "DemoRadioButton.Android", "DemoRadioButton\DemoRadioButton.Android\DemoRadioButton.Android.csproj", "{8C001949-7377-420B-9250-85D224B280E0}"
EndProject
Project("{FAE04EC0-301F-11D3-BF4B-00C04F79EFBC}") = "DemoRadioButton.iOS", "DemoRadioButton\DemoRadioButton.iOS\DemoRadioButton.iOS.csproj", "{0B3F2108-0CCB-4304-9F3F-5128C05CF38C}"
EndProject
Project("{FAE04EC0-301F-11D3-BF4B-00C04F79EFBC}") = "DemoRadioButton", "DemoRadioButton\DemoRadioButton\DemoRadioButton.csproj", "{0A110667-C8B6-44C0-9742-D143B19211EA}"
EndProject
Global
	GlobalSection(SolutionConfigurationPlatforms) = preSolution
		Debug|Any CPU = Debug|Any CPU
		Debug|ARM = Debug|ARM
		Debug|iPhone = Debug|iPhone
		Debug|iPhoneSimulator = Debug|iPhoneSimulator
		Debug|x64 = Debug|x64
		Debug|x86 = Debug|x86
		Release|Any CPU = Release|Any CPU
		Release|ARM = Release|ARM
		Release|iPhone = Release|iPhone
		Release|iPhoneSimulator = Release|iPhoneSimulator
		Release|x64 = Release|x64
		Release|x86 = Release|x86
	EndGlobalSection
	GlobalSection(ProjectConfigurationPlatforms) = postSolution
		{CEA31B0C-78BD-4A5B-8B42-5F0BE2CFD037}.Debug|Any CPU.ActiveCfg = Debug|x86
		{CEA31B0C-78BD-4A5B-8B42-5F0BE2CFD037}.Debug|Any CPU.Build.0 = Debug|x86
		{CEA31B0C-78BD-4A5B-8B42-5F0BE2CFD037}.Debug|Any CPU.Deploy.0 = Debug|x86
		{CEA31B0C-78BD-4A5B-8B42-5F0BE2CFD037}.Debug|ARM.ActiveCfg = Debug|ARM
		{CEA31B0C-78BD-4A5B-8B42-5F0BE2CFD037}.Debug|ARM.Build.0 = Debug|ARM
		{CEA31B0C-78BD-4A5B-8B42-5F0BE2CFD037}.Debug|ARM.Deploy.0 = Debug|ARM
		{CEA31B0C-78BD-4A5B-8B42-5F0BE2CFD037}.Debug|iPhone.ActiveCfg = Debug|x86
		{CEA31B0C-78BD-4A5B-8B42-5F0BE2CFD037}.Debug|iPhone.Build.0 = Debug|x86
		{CEA31B0C-78BD-4A5B-8B42-5F0BE2CFD037}.Debug|iPhone.Deploy.0 = Debug|x86
		{CEA31B0C-78BD-4A5B-8B42-5F0BE2CFD037}.Debug|iPhoneSimulator.ActiveCfg = Debug|x86
		{CEA31B0C-78BD-4A5B-8B42-5F0BE2CFD037}.Debug|iPhoneSimulator.Build.0 = Debug|x86
		{CEA31B0C-78BD-4A5B-8B42-5F0BE2CFD037}.Debug|iPhoneSimulator.Deploy.0 = Debug|x86
		{CEA31B0C-78BD-4A5B-8B42-5F0BE2CFD037}.Debug|x64.ActiveCfg = Debug|x64
		{CEA31B0C-78BD-4A5B-8B42-5F0BE2CFD037}.Debug|x64.Build.0 = Debug|x64
		{CEA31B0C-78BD-4A5B-8B42-5F0BE2CFD037}.Debug|x64.Deploy.0 = Debug|x64
		{CEA31B0C-78BD-4A5B-8B42-5F0BE2CFD037}.Debug|x86.ActiveCfg = Debug|x86
		{CEA31B0C-78BD-4A5B-8B42-5F0BE2CFD037}.Debug|x86.Build.0 = Debug|x86
		{CEA31B0C-78BD-4A5B-8B42-5F0BE2CFD037}.Debug|x86.Deploy.0 = Debug|x86
		{CEA31B0C-78BD-4A5B-8B42-5F0BE2CFD037}.Release|Any CPU.ActiveCfg = Release|x86
		{CEA31B0C-78BD-4A5B-8B42-5F0BE2CFD037}.Release|Any CPU.Build.0 = Release|x86
		{CEA31B0C-78BD-4A5B-8B42-5F0BE2CFD037}.Release|Any CPU.Deploy.0 = Release|x86
		{CEA31B0C-78BD-4A5B-8B42-5F0BE2CFD037}.Release|ARM.ActiveCfg = Release|ARM
		{CEA31B0C-78BD-4A5B-8B42-5F0BE2CFD037}.Release|ARM.Build.0 = Release|ARM
		{CEA31B0C-78BD-4A5B-8B42-5F0BE2CFD037}.Release|ARM.Deploy.0 = Release|ARM
		{CEA31B0C-78BD-4A5B-8B42-5F0BE2CFD037}.Release|iPhone.ActiveCfg = Release|x86
		{CEA31B0C-78BD-4A5B-8B42-5F0BE2CFD037}.Release|iPhone.Build.0 = Release|x86
		{CEA31B0C-78BD-4A5B-8B42-5F0BE2CFD037}.Release|iPhone.Deploy.0 = Release|x86
		{CEA31B0C-78BD-4A5B-8B42-5F0BE2CFD037}.Release|iPhoneSimulator.ActiveCfg = Release|x86
		{CEA31B0C-78BD-4A5B-8B42-5F0BE2CFD037}.Release|iPhoneSimulator.Build.0 = Release|x86
		{CEA31B0C-78BD-4A5B-8B42-5F0BE2CFD037}.Release|iPhoneSimulator.Deploy.0 = Release|x86
		{CEA31B0C-78BD-4A5B-8B42-5F0BE2CFD037}.Release|x64.ActiveCfg = Release|x64
		{CEA31B0C-78BD-4A5B-8B42-5F0BE2CFD037}.Release|x64.Build.0 = Release|x64
		{CEA31B0C-78BD-4A5B-8B42-5F0BE2CFD037}.Release|x64.Deploy.0 = Release|x64
		{CEA31B0C-78BD-4A5B-8B42-5F0BE2CFD037}.Release|x86.ActiveCfg = Release|x86
		{CEA31B0C-78BD-4A5B-8B42-5F0BE2CFD037}.Release|x86.Build.0 = Release|x86
		{CEA31B0C-78BD-4A5B-8B42-5F0BE2CFD037}.Release|x86.Deploy.0 = Release|x86
		{8C001949-7377-420B-9250-85D224B280E0}.Debug|Any CPU.ActiveCfg = Debug|Any CPU
		{8C001949-7377-420B-9250-85D224B280E0}.Debug|Any CPU.Build.0 = Debug|Any CPU
		{8C001949-7377-420B-9250-85D224B280E0}.Debug|Any CPU.Deploy.0 = Debug|Any CPU
		{8C001949-7377-420B-9250-85D224B280E0}.Debug|ARM.ActiveCfg = Debug|Any CPU
		{8C001949-7377-420B-9250-85D224B280E0}.Debug|ARM.Build.0 = Debug|Any CPU
		{8C001949-7377-420B-9250-85D224B280E0}.Debug|ARM.Deploy.0 = Debug|Any CPU
		{8C001949-7377-420B-9250-85D224B280E0}.Debug|iPhone.ActiveCfg = Debug|Any CPU
		{8C001949-7377-420B-9250-85D224B280E0}.Debug|iPhone.Build.0 = Debug|Any CPU
		{8C001949-7377-420B-9250-85D224B280E0}.Debug|iPhone.Deploy.0 = Debug|Any CPU
		{8C001949-7377-420B-9250-85D224B280E0}.Debug|iPhoneSimulator.ActiveCfg = Debug|Any CPU
		{8C001949-7377-420B-9250-85D224B280E0}.Debug|iPhoneSimulator.Build.0 = Debug|Any CPU
		{8C001949-7377-420B-9250-85D224B280E0}.Debug|iPhoneSimulator.Deploy.0 = Debug|Any CPU
		{8C001949-7377-420B-9250-85D224B280E0}.Debug|x64.ActiveCfg = Debug|Any CPU
		{8C001949-7377-420B-9250-85D224B280E0}.Debug|x64.Build.0 = Debug|Any CPU
		{8C001949-7377-420B-9250-85D224B280E0}.Debug|x64.Deploy.0 = Debug|Any CPU
		{8C001949-7377-420B-9250-85D224B280E0}.Debug|x86.ActiveCfg = Debug|Any CPU
		{8C001949-7377-420B-9250-85D224B280E0}.Debug|x86.Build.0 = Debug|Any CPU
		{8C001949-7377-420B-9250-85D224B280E0}.Debug|x86.Deploy.0 = Debug|Any CPU
		{8C001949-7377-420B-9250-85D224B280E0}.Release|Any CPU.ActiveCfg = Release|Any CPU
		{8C001949-7377-420B-9250-85D224B280E0}.Release|Any CPU.Build.0 = Release|Any CPU
		{8C001949-7377-420B-9250-85D224B280E0}.Release|Any CPU.Deploy.0 = Release|Any CPU
		{8C001949-7377-420B-9250-85D224B280E0}.Release|ARM.ActiveCfg = Release|Any CPU
		{8C001949-7377-420B-9250-85D224B280E0}.Release|ARM.Build.0 = Release|Any CPU
		{8C001949-7377-420B-9250-85D224B280E0}.Release|ARM.Deploy.0 = Release|Any CPU
		{8C001949-7377-420B-9250-85D224B280E0}.Release|iPhone.ActiveCfg = Release|Any CPU
		{8C001949-7377-420B-9250-85D224B280E0}.Release|iPhone.Build.0 = Release|Any CPU
		{8C001949-7377-420B-9250-85D224B280E0}.Release|iPhone.Deploy.0 = Release|Any CPU
		{8C001949-7377-420B-9250-85D224B280E0}.Release|iPhoneSimulator.ActiveCfg = Release|Any CPU
		{8C001949-7377-420B-9250-85D224B280E0}.Release|iPhoneSimulator.Build.0 = Release|Any CPU
		{8C001949-7377-420B-9250-85D224B280E0}.Release|iPhoneSimulator.Deploy.0 = Release|Any CPU
		{8C001949-7377-420B-9250-85D224B280E0}.Release|x64.ActiveCfg = Release|Any CPU
		{8C001949-7377-420B-9250-85D224B280E0}.Release|x64.Build.0 = Release|Any CPU
		{8C001949-7377-420B-9250-85D224B280E0}.Release|x64.Deploy.0 = Release|Any CPU
		{8C001949-7377-420B-9250-85D224B280E0}.Release|x86.ActiveCfg = Release|Any CPU
		{8C001949-7377-420B-9250-85D224B280E0}.Release|x86.Build.0 = Release|Any CPU
		{8C001949-7377-420B-9250-85D224B280E0}.Release|x86.Deploy.0 = Release|Any CPU
		{0B3F2108-0CCB-4304-9F3F-5128C05CF38C}.Debug|Any CPU.ActiveCfg = Debug|iPhoneSimulator
		{0B3F2108-0CCB-4304-9F3F-5128C05CF38C}.Debug|Any CPU.Build.0 = Debug|iPhoneSimulator
		{0B3F2108-0CCB-4304-9F3F-5128C05CF38C}.Debug|Any CPU.Deploy.0 = Debug|iPhoneSimulator
		{0B3F2108-0CCB-4304-9F3F-5128C05CF38C}.Debug|ARM.ActiveCfg = Debug|iPhone
		{0B3F2108-0CCB-4304-9F3F-5128C05CF38C}.Debug|ARM.Build.0 = Debug|iPhone
		{0B3F2108-0CCB-4304-9F3F-5128C05CF38C}.Debug|ARM.Deploy.0 = Debug|iPhone
		{0B3F2108-0CCB-4304-9F3F-5128C05CF38C}.Debug|iPhone.ActiveCfg = Debug|iPhone
		{0B3F2108-0CCB-4304-9F3F-5128C05CF38C}.Debug|iPhone.Build.0 = Debug|iPhone
		{0B3F2108-0CCB-4304-9F3F-5128C05CF38C}.Debug|iPhone.Deploy.0 = Debug|iPhone
		{0B3F2108-0CCB-4304-9F3F-5128C05CF38C}.Debug|iPhoneSimulator.ActiveCfg = Debug|iPhoneSimulator
		{0B3F2108-0CCB-4304-9F3F-5128C05CF38C}.Debug|iPhoneSimulator.Build.0 = Debug|iPhoneSimulator
		{0B3F2108-0CCB-4304-9F3F-5128C05CF38C}.Debug|iPhoneSimulator.Deploy.0 = Debug|iPhoneSimulator
		{0B3F2108-0CCB-4304-9F3F-5128C05CF38C}.Debug|x64.ActiveCfg = Debug|iPhoneSimulator
		{0B3F2108-0CCB-4304-9F3F-5128C05CF38C}.Debug|x64.Build.0 = Debug|iPhoneSimulator
		{0B3F2108-0CCB-4304-9F3F-5128C05CF38C}.Debug|x64.Deploy.0 = Debug|iPhoneSimulator
		{0B3F2108-0CCB-4304-9F3F-5128C05CF38C}.Debug|x86.ActiveCfg = Debug|iPhoneSimulator
		{0B3F2108-0CCB-4304-9F3F-5128C05CF38C}.Debug|x86.Build.0 = Debug|iPhoneSimulator
		{0B3F2108-0CCB-4304-9F3F-5128C05CF38C}.Debug|x86.Deploy.0 = Debug|iPhoneSimulator
		{0B3F2108-0CCB-4304-9F3F-5128C05CF38C}.Release|Any CPU.ActiveCfg = Release|iPhoneSimulator
		{0B3F2108-0CCB-4304-9F3F-5128C05CF38C}.Release|Any CPU.Build.0 = Release|iPhoneSimulator
		{0B3F2108-0CCB-4304-9F3F-5128C05CF38C}.Release|Any CPU.Deploy.0 = Release|iPhoneSimulator
		{0B3F2108-0CCB-4304-9F3F-5128C05CF38C}.Release|ARM.ActiveCfg = Release|iPhoneSimulator
		{0B3F2108-0CCB-4304-9F3F-5128C05CF38C}.Release|ARM.Build.0 = Release|iPhoneSimulator
		{0B3F2108-0CCB-4304-9F3F-5128C05CF38C}.Release|ARM.Deploy.0 = Release|iPhoneSimulator
		{0B3F2108-0CCB-4304-9F3F-5128C05CF38C}.Release|iPhone.ActiveCfg = Release|iPhone
		{0B3F2108-0CCB-4304-9F3F-5128C05CF38C}.Release|iPhone.Build.0 = Release|iPhone
		{0B3F2108-0CCB-4304-9F3F-5128C05CF38C}.Release|iPhone.Deploy.0 = Release|iPhone
		{0B3F2108-0CCB-4304-9F3F-5128C05CF38C}.Release|iPhoneSimulator.ActiveCfg = Release|iPhoneSimulator
		{0B3F2108-0CCB-4304-9F3F-5128C05CF38C}.Release|iPhoneSimulator.Build.0 = Release|iPhoneSimulator
		{0B3F2108-0CCB-4304-9F3F-5128C05CF38C}.Release|iPhoneSimulator.Deploy.0 = Release|iPhoneSimulator
		{0B3F2108-0CCB-4304-9F3F-5128C05CF38C}.Release|x64.ActiveCfg = Release|iPhoneSimulator
		{0B3F2108-0CCB-4304-9F3F-5128C05CF38C}.Release|x64.Build.0 = Release|iPhoneSimulator
		{0B3F2108-0CCB-4304-9F3F-5128C05CF38C}.Release|x64.Deploy.0 = Release|iPhoneSimulator
		{0B3F2108-0CCB-4304-9F3F-5128C05CF38C}.Release|x86.ActiveCfg = Release|iPhoneSimulator
		{0B3F2108-0CCB-4304-9F3F-5128C05CF38C}.Release|x86.Build.0 = Release|iPhoneSimulator
		{0B3F2108-0CCB-4304-9F3F-5128C05CF38C}.Release|x86.Deploy.0 = Release|iPhoneSimulator
		{0A110667-C8B6-44C0-9742-D143B19211EA}.Debug|Any CPU.ActiveCfg = Debug|Any CPU
		{0A110667-C8B6-44C0-9742-D143B19211EA}.Debug|Any CPU.Build.0 = Debug|Any CPU
		{0A110667-C8B6-44C0-9742-D143B19211EA}.Debug|Any CPU.Deploy.0 = Debug|Any CPU
		{0A110667-C8B6-44C0-9742-D143B19211EA}.Debug|ARM.ActiveCfg = Debug|Any CPU
		{0A110667-C8B6-44C0-9742-D143B19211EA}.Debug|ARM.Build.0 = Debug|Any CPU
		{0A110667-C8B6-44C0-9742-D143B19211EA}.Debug|ARM.Deploy.0 = Debug|Any CPU
		{0A110667-C8B6-44C0-9742-D143B19211EA}.Debug|iPhone.ActiveCfg = Debug|Any CPU
		{0A110667-C8B6-44C0-9742-D143B19211EA}.Debug|iPhone.Build.0 = Debug|Any CPU
		{0A110667-C8B6-44C0-9742-D143B19211EA}.Debug|iPhone.Deploy.0 = Debug|Any CPU
		{0A110667-C8B6-44C0-9742-D143B19211EA}.Debug|iPhoneSimulator.ActiveCfg = Debug|Any CPU
		{0A110667-C8B6-44C0-9742-D143B19211EA}.Debug|iPhoneSimulator.Build.0 = Debug|Any CPU
		{0A110667-C8B6-44C0-9742-D143B19211EA}.Debug|iPhoneSimulator.Deploy.0 = Debug|Any CPU
		{0A110667-C8B6-44C0-9742-D143B19211EA}.Debug|x64.ActiveCfg = Debug|Any CPU
		{0A110667-C8B6-44C0-9742-D143B19211EA}.Debug|x64.Build.0 = Debug|Any CPU
		{0A110667-C8B6-44C0-9742-D143B19211EA}.Debug|x64.Deploy.0 = Debug|Any CPU
		{0A110667-C8B6-44C0-9742-D143B19211EA}.Debug|x86.ActiveCfg = Debug|Any CPU
		{0A110667-C8B6-44C0-9742-D143B19211EA}.Debug|x86.Build.0 = Debug|Any CPU
		{0A110667-C8B6-44C0-9742-D143B19211EA}.Debug|x86.Deploy.0 = Debug|Any CPU
		{0A110667-C8B6-44C0-9742-D143B19211EA}.Release|Any CPU.ActiveCfg = Release|Any CPU
		{0A110667-C8B6-44C0-9742-D143B19211EA}.Release|Any CPU.Build.0 = Release|Any CPU
		{0A110667-C8B6-44C0-9742-D143B19211EA}.Release|Any CPU.Deploy.0 = Release|Any CPU
		{0A110667-C8B6-44C0-9742-D143B19211EA}.Release|ARM.ActiveCfg = Release|Any CPU
		{0A110667-C8B6-44C0-9742-D143B19211EA}.Release|ARM.Build.0 = Release|Any CPU
		{0A110667-C8B6-44C0-9742-D143B19211EA}.Release|ARM.Deploy.0 = Release|Any CPU
		{0A110667-C8B6-44C0-9742-D143B19211EA}.Release|iPhone.ActiveCfg = Release|Any CPU
		{0A110667-C8B6-44C0-9742-D143B19211EA}.Release|iPhone.Build.0 = Release|Any CPU
		{0A110667-C8B6-44C0-9742-D143B19211EA}.Release|iPhone.Deploy.0 = Release|Any CPU
		{0A110667-C8B6-44C0-9742-D143B19211EA}.Release|iPhoneSimulator.ActiveCfg = Release|Any CPU
		{0A110667-C8B6-44C0-9742-D143B19211EA}.Release|iPhoneSimulator.Build.0 = Release|Any CPU
		{0A110667-C8B6-44C0-9742-D143B19211EA}.Release|iPhoneSimulator.Deploy.0 = Release|Any CPU
		{0A110667-C8B6-44C0-9742-D143B19211EA}.Release|x64.ActiveCfg = Release|Any CPU
		{0A110667-C8B6-44C0-9742-D143B19211EA}.Release|x64.Build.0 = Release|Any CPU
		{0A110667-C8B6-44C0-9742-D143B19211EA}.Release|x64.Deploy.0 = Release|Any CPU
		{0A110667-C8B6-44C0-9742-D143B19211EA}.Release|x86.ActiveCfg = Release|Any CPU
		{0A110667-C8B6-44C0-9742-D143B19211EA}.Release|x86.Build.0 = Release|Any CPU
		{0A110667-C8B6-44C0-9742-D143B19211EA}.Release|x86.Deploy.0 = Release|Any CPU
	EndGlobalSection
	GlobalSection(SolutionProperties) = preSolution
		HideSolutionNode = FALSE
	EndGlobalSection
	GlobalSection(ExtensibilityGlobals) = postSolution
		SolutionGuid = {F9575ED1-FC2F-4740-A2E6-9EE753A8C409}
	EndGlobalSection
EndGlobal
